# This file is automatically @generated by Poetry 1.5.4 and should not be changed by hand.

[[package]]
name = "utils"
version = "1.0.2"
description = "A grab-bag of utility functions and objects"
optional = false
python-versions = ">=3.6"
files = [
    {file = "utils-1.0.2.tar.gz", hash = "sha256:f4d5157e27e9d434006b5b52a1ec951a34e53e7ecaa145d43a153ec452eb5d9e"},
]

[metadata]
lock-version = "2.0"
python-versions = ">=3.10.0,<3.12"
content-hash = "fb9778a2e311b1c0e7699031bc2f38a912cff3295d317396ac0e0067d7bc3435"
